
Microsoft Visual Studio Solution File, Format Version 12.00
# Visual Studio Version 17
VisualStudioVersion = 17.14.36401.2 d17.14
MinimumVisualStudioVersion = 10.0.40219.1
Project("{FAE04EC0-301F-11D3-BF4B-00C04F79EFBC}") = "ToDoList", "ToDoList\ToDoList.csproj", "{F46DF8AD-9D49-4422-BDDF-4D4A0F222935}"
EndProject
Global
	GlobalSection(SolutionConfigurationPlatforms) = preSolution
		Debug|Any CPU = Debug|Any CPU
		Release|Any CPU = Release|Any CPU
	EndGlobalSection
	GlobalSection(ProjectConfigurationPlatforms) = postSolution
		{F46DF8AD-9D49-4422-BDDF-4D4A0F222935}.Debug|Any CPU.ActiveCfg = Debug|Any CPU
		{F46DF8AD-9D49-4422-BDDF-4D4A0F222935}.Debug|Any CPU.Build.0 = Debug|Any CPU
		{F46DF8AD-9D49-4422-BDDF-4D4A0F222935}.Release|Any CPU.ActiveCfg = Release|Any CPU
		{F46DF8AD-9D49-4422-BDDF-4D4A0F222935}.Release|Any CPU.Build.0 = Release|Any CPU
	EndGlobalSection
	GlobalSection(SolutionProperties) = preSolution
		HideSolutionNode = FALSE
	EndGlobalSection
	GlobalSection(ExtensibilityGlobals) = postSolution
		SolutionGuid = {EBA4ADFE-42C4-4F5A-908B-4D4B34737A64}
	EndGlobalSection
EndGlobal
